
Microsoft Visual Studio Solution File, Format Version 12.00
# Visual Studio 15
VisualStudioVersion = 15.0.27130.2026
MinimumVisualStudioVersion = 10.0.40219.1
Project("{FAE04EC0-301F-11D3-BF4B-00C04F79EFBC}") = "exercise 18", "exercise 18\exercise 18.csproj", "{033215C3-BA58-498D-A31E-B4CF50FDB5EC}"
EndProject
Global
	GlobalSection(SolutionConfigurationPlatforms) = preSolution
		Debug|Any CPU = Debug|Any CPU
		Release|Any CPU = Release|Any CPU
	EndGlobalSection
	GlobalSection(ProjectConfigurationPlatforms) = postSolution
		{033215C3-BA58-498D-A31E-B4CF50FDB5EC}.Debug|Any CPU.ActiveCfg = Debug|Any CPU
		{033215C3-BA58-498D-A31E-B4CF50FDB5EC}.Debug|Any CPU.Build.0 = Debug|Any CPU
		{033215C3-BA58-498D-A31E-B4CF50FDB5EC}.Release|Any CPU.ActiveCfg = Release|Any CPU
		{033215C3-BA58-498D-A31E-B4CF50FDB5EC}.Release|Any CPU.Build.0 = Release|Any CPU
	EndGlobalSection
	GlobalSection(SolutionProperties) = preSolution
		HideSolutionNode = FALSE
	EndGlobalSection
	GlobalSection(ExtensibilityGlobals) = postSolution
		SolutionGuid = {8AC9CE71-A6AD-4555-BE78-505A4B7098E8}
	EndGlobalSection
EndGlobal
